// !$*UTF8*$!
{
	archiveVersion = 1;
	classes = {
	};
	objectVersion = 56;
	objects = {

/* Begin PBXBuildFile section */
		F80525492D29578B0010C603 /* SampleCombineCounterApp.swift in Sources */ = {isa = PBXBuildFile; fileRef = F80525482D29578B0010C603 /* SampleCombineCounterApp.swift */; };
		F805254B2D29578B0010C603 /* ContentView.swift in Sources */ = {isa = PBXBuildFile; fileRef = F805254A2D29578B0010C603 /* ContentView.swift */; };
		F805254D2D29578D0010C603 /* Assets.xcassets in Resources */ = {isa = PBXBuildFile; fileRef = F805254C2D29578D0010C603 /* Assets.xcassets */; };
		F80525502D29578D0010C603 /* Preview Assets.xcassets in Resources */ = {isa = PBXBuildFile; fileRef = F805254F2D29578D0010C603 /* Preview Assets.xcassets */; };
		F805255A2D29578D0010C603 /* SampleCombineCounterTests.swift in Sources */ = {isa = PBXBuildFile; fileRef = F80525592D29578D0010C603 /* SampleCombineCounterTests.swift */; };
		F80525642D29578D0010C603 /* SampleCombineCounterUITests.swift in Sources */ = {isa = PBXBuildFile; fileRef = F80525632D29578D0010C603 /* SampleCombineCounterUITests.swift */; };
		F80525662D29578D0010C603 /* SampleCombineCounterUITestsLaunchTests.swift in Sources */ = {isa = PBXBuildFile; fileRef = F80525652D29578D0010C603 /* SampleCombineCounterUITestsLaunchTests.swift */; };
		F80525732D2958510010C603 /* ViewModel.swift in Sources */ = {isa = PBXBuildFile; fileRef = F80525722D2958510010C603 /* ViewModel.swift */; };
/* End PBXBuildFile section */

/* Begin PBXContainerItemProxy section */
		F80525562D29578D0010C603 /* PBXContainerItemProxy */ = {
			isa = PBXContainerItemProxy;
			containerPortal = F805253D2D29578B0010C603 /* Project object */;
			proxyType = 1;
			remoteGlobalIDString = F80525442D29578B0010C603;
			remoteInfo = SampleCombineCounter;
		};
		F80525602D29578D0010C603 /* PBXContainerItemProxy */ = {
			isa = PBXContainerItemProxy;
			containerPortal = F805253D2D29578B0010C603 /* Project object */;
			proxyType = 1;
			remoteGlobalIDString = F80525442D29578B0010C603;
			remoteInfo = SampleCombineCounter;
		};
/* End PBXContainerItemProxy section */

/* Begin PBXFileReference section */
		F80525452D29578B0010C603 /* SampleCombineCounter.app */ = {isa = PBXFileReference; explicitFileType = wrapper.application; includeInIndex = 0; path = SampleCombineCounter.app; sourceTree = BUILT_PRODUCTS_DIR; };
		F80525482D29578B0010C603 /* SampleCombineCounterApp.swift */ = {isa = PBXFileReference; lastKnownFileType = sourcecode.swift; path = SampleCombineCounterApp.swift; sourceTree = "<group>"; };
		F805254A2D29578B0010C603 /* ContentView.swift */ = {isa = PBXFileReference; lastKnownFileType = sourcecode.swift; path = ContentView.swift; sourceTree = "<group>"; };
		F805254C2D29578D0010C603 /* Assets.xcassets */ = {isa = PBXFileReference; lastKnownFileType = folder.assetcatalog; path = Assets.xcassets; sourceTree = "<group>"; };
		F805254F2D29578D0010C603 /* Preview Assets.xcassets */ = {isa = PBXFileReference; lastKnownFileType = folder.assetcatalog; path = "Preview Assets.xcassets"; sourceTree = "<group>"; };
		F80525552D29578D0010C603 /* SampleCombineCounterTests.xctest */ = {isa = PBXFileReference; explicitFileType = wrapper.cfbundle; includeInIndex = 0; path = SampleCombineCounterTests.xctest; sourceTree = BUILT_PRODUCTS_DIR; };
		F80525592D29578D0010C603 /* SampleCombineCounterTests.swift */ = {isa = PBXFileReference; lastKnownFileType = sourcecode.swift; path = SampleCombineCounterTests.swift; sourceTree = "<group>"; };
		F805255F2D29578D0010C603 /* SampleCombineCounterUITests.xctest */ = {isa = PBXFileReference; explicitFileType = wrapper.cfbundle; includeInIndex = 0; path = SampleCombineCounterUITests.xctest; sourceTree = BUILT_PRODUCTS_DIR; };
		F80525632D29578D0010C603 /* SampleCombineCounterUITests.swift */ = {isa = PBXFileReference; lastKnownFileType = sourcecode.swift; path = SampleCombineCounterUITests.swift; sourceTree = "<group>"; };
		F80525652D29578D0010C603 /* SampleCombineCounterUITestsLaunchTests.swift */ = {isa = PBXFileReference; lastKnownFileType = sourcecode.swift; path = SampleCombineCounterUITestsLaunchTests.swift; sourceTree = "<group>"; };
		F80525722D2958510010C603 /* ViewModel.swift */ = {isa = PBXFileReference; lastKnownFileType = sourcecode.swift; path = ViewModel.swift; sourceTree = "<group>"; };
/* End PBXFileReference section */

/* Begin PBXFrameworksBuildPhase section */
		F80525422D29578B0010C603 /* Frameworks */ = {
			isa = PBXFrameworksBuildPhase;
			buildActionMask = 2147483647;
			files = (
			);
			runOnlyForDeploymentPostprocessing = 0;
		};
		F80525522D29578D0010C603 /* Frameworks */ = {
			isa = PBXFrameworksBuildPhase;
			buildActionMask = 2147483647;
			files = (
			);
			runOnlyForDeploymentPostprocessing = 0;
		};
		F805255C2D29578D0010C603 /* Frameworks */ = {
			isa = PBXFrameworksBuildPhase;
			buildActionMask = 2147483647;
			files = (
			);
			runOnlyForDeploymentPostprocessing = 0;
		};
/* End PBXFrameworksBuildPhase section */

/* Begin PBXGroup section */
		F805253C2D29578B0010C603 = {
			isa = PBXGroup;
			children = (
				F80525472D29578B0010C603 /* SampleCombineCounter */,
				F80525582D29578D0010C603 /* SampleCombineCounterTests */,
				F80525622D29578D0010C603 /* SampleCombineCounterUITests */,
				F80525462D29578B0010C603 /* Products */,
			);
			sourceTree = "<group>";
		};
		F80525462D29578B0010C603 /* Products */ = {
			isa = PBXGroup;
			children = (
				F80525452D29578B0010C603 /* SampleCombineCounter.app */,
				F80525552D29578D0010C603 /* SampleCombineCounterTests.xctest */,
				F805255F2D29578D0010C603 /* SampleCombineCounterUITests.xctest */,
			);
			name = Products;
			sourceTree = "<group>";
		};
		F80525472D29578B0010C603 /* SampleCombineCounter */ = {
			isa = PBXGroup;
			children = (
				F80525482D29578B0010C603 /* SampleCombineCounterApp.swift */,
				F805254A2D29578B0010C603 /* ContentView.swift */,
				F805254C2D29578D0010C603 /* Assets.xcassets */,
				F805254E2D29578D0010C603 /* Preview Content */,
				F80525722D2958510010C603 /* ViewModel.swift */,
			);
			path = SampleCombineCounter;
			sourceTree = "<group>";
		};
		F805254E2D29578D0010C603 /* Preview Content */ = {
			isa = PBXGroup;
			children = (
				F805254F2D29578D0010C603 /* Preview Assets.xcassets */,
			);
			path = "Preview Content";
			sourceTree = "<group>";
		};
		F80525582D29578D0010C603 /* SampleCombineCounterTests */ = {
			isa = PBXGroup;
			children = (
				F80525592D29578D0010C603 /* SampleCombineCounterTests.swift */,
			);
			path = SampleCombineCounterTests;
			sourceTree = "<group>";
		};
		F80525622D29578D0010C603 /* SampleCombineCounterUITests */ = {
			isa = PBXGroup;
			children = (
				F80525632D29578D0010C603 /* SampleCombineCounterUITests.swift */,
				F80525652D29578D0010C603 /* SampleCombineCounterUITestsLaunchTests.swift */,
			);
			path = SampleCombineCounterUITests;
			sourceTree = "<group>";
		};
/* End PBXGroup section */

/* Begin PBXNativeTarget section */
		F80525442D29578B0010C603 /* SampleCombineCounter */ = {
			isa = PBXNativeTarget;
			buildConfigurationList = F80525692D29578D0010C603 /* Build configuration list for PBXNativeTarget "SampleCombineCounter" */;
			buildPhases = (
				F80525412D29578B0010C603 /* Sources */,
				F80525422D29578B0010C603 /* Frameworks */,
				F80525432D29578B0010C603 /* Resources */,
			);
			buildRules = (
			);
			dependencies = (
			);
			name = SampleCombineCounter;
			productName = SampleCombineCounter;
			productReference = F80525452D29578B0010C603 /* SampleCombineCounter.app */;
			productType = "com.apple.product-type.application";
		};
		F80525542D29578D0010C603 /* SampleCombineCounterTests */ = {
			isa = PBXNativeTarget;
			buildConfigurationList = F805256C2D29578D0010C603 /* Build configuration list for PBXNativeTarget "SampleCombineCounterTests" */;
			buildPhases = (
				F80525512D29578D0010C603 /* Sources */,
				F80525522D29578D0010C603 /* Frameworks */,
				F80525532D29578D0010C603 /* Resources */,
			);
			buildRules = (
			);
			dependencies = (
				F80525572D29578D0010C603 /* PBXTargetDependency */,
			);
			name = SampleCombineCounterTests;
			productName = SampleCombineCounterTests;
			productReference = F80525552D29578D0010C603 /* SampleCombineCounterTests.xctest */;
			productType = "com.apple.product-type.bundle.unit-test";
		};
		F805255E2D29578D0010C603 /* SampleCombineCounterUITests */ = {
			isa = PBXNativeTarget;
			buildConfigurationList = F805256F2D29578D0010C603 /* Build configuration list for PBXNativeTarget "SampleCombineCounterUITests" */;
			buildPhases = (
				F805255B2D29578D0010C603 /* Sources */,
				F805255C2D29578D0010C603 /* Frameworks */,
				F805255D2D29578D0010C603 /* Resources */,
			);
			buildRules = (
			);
			dependencies = (
				F80525612D29578D0010C603 /* PBXTargetDependency */,
			);
			name = SampleCombineCounterUITests;
			productName = SampleCombineCounterUITests;
			productReference = F805255F2D29578D0010C603 /* SampleCombineCounterUITests.xctest */;
			productType = "com.apple.product-type.bundle.ui-testing";
		};
/* End PBXNativeTarget section */

/* Begin PBXProject section */
		F805253D2D29578B0010C603 /* Project object */ = {
			isa = PBXProject;
			attributes = {
				BuildIndependentTargetsInParallel = 1;
				LastSwiftUpdateCheck = 1500;
				LastUpgradeCheck = 1500;
				TargetAttributes = {
					F80525442D29578B0010C603 = {
						CreatedOnToolsVersion = 15.0.1;
					};
					F80525542D29578D0010C603 = {
						CreatedOnToolsVersion = 15.0.1;
						TestTargetID = F80525442D29578B0010C603;
					};
					F805255E2D29578D0010C603 = {
						CreatedOnToolsVersion = 15.0.1;
						TestTargetID = F80525442D29578B0010C603;
					};
				};
			};
			buildConfigurationList = F80525402D29578B0010C603 /* Build configuration list for PBXProject "SampleCombineCounter" */;
			compatibilityVersion = "Xcode 14.0";
			developmentRegion = en;
			hasScannedForEncodings = 0;
			knownRegions = (
				en,
				Base,
			);
			mainGroup = F805253C2D29578B0010C603;
			productRefGroup = F80525462D29578B0010C603 /* Products */;
			projectDirPath = "";
			projectRoot = "";
			targets = (
				F80525442D29578B0010C603 /* SampleCombineCounter */,
				F80525542D29578D0010C603 /* SampleCombineCounterTests */,
				F805255E2D29578D0010C603 /* SampleCombineCounterUITests */,
			);
		};
/* End PBXProject section */

/* Begin PBXResourcesBuildPhase section */
		F80525432D29578B0010C603 /* Resources */ = {
			isa = PBXResourcesBuildPhase;
			buildActionMask = 2147483647;
			files = (
				F80525502D29578D0010C603 /* Preview Assets.xcassets in Resources */,
				F805254D2D29578D0010C603 /* Assets.xcassets in Resources */,
			);
			runOnlyForDeploymentPostprocessing = 0;
		};
		F80525532D29578D0010C603 /* Resources */ = {
			isa = PBXResourcesBuildPhase;
			buildActionMask = 2147483647;
			files = (
			);
			runOnlyForDeploymentPostprocessing = 0;
		};
		F805255D2D29578D0010C603 /* Resources */ = {
			isa = PBXResourcesBuildPhase;
			buildActionMask = 2147483647;
			files = (
			);
			runOnlyForDeploymentPostprocessing = 0;
		};
/* End PBXResourcesBuildPhase section */

/* Begin PBXSourcesBuildPhase section */
		F80525412D29578B0010C603 /* Sources */ = {
			isa = PBXSourcesBuildPhase;
			buildActionMask = 2147483647;
			files = (
				F805254B2D29578B0010C603 /* ContentView.swift in Sources */,
				F80525732D2958510010C603 /* ViewModel.swift in Sources */,
				F80525492D29578B0010C603 /* SampleCombineCounterApp.swift in Sources */,
			);
			runOnlyForDeploymentPostprocessing = 0;
		};
		F80525512D29578D0010C603 /* Sources */ = {
			isa = PBXSourcesBuildPhase;
			buildActionMask = 2147483647;
			files = (
				F805255A2D29578D0010C603 /* SampleCombineCounterTests.swift in Sources */,
			);
			runOnlyForDeploymentPostprocessing = 0;
		};
		F805255B2D29578D0010C603 /* Sources */ = {
			isa = PBXSourcesBuildPhase;
			buildActionMask = 2147483647;
			files = (
				F80525642D29578D0010C603 /* SampleCombineCounterUITests.swift in Sources */,
				F80525662D29578D0010C603 /* SampleCombineCounterUITestsLaunchTests.swift in Sources */,
			);
			runOnlyForDeploymentPostprocessing = 0;
		};
/* End PBXSourcesBuildPhase section */

/* Begin PBXTargetDependency section */
		F80525572D29578D0010C603 /* PBXTargetDependency */ = {
			isa = PBXTargetDependency;
			target = F80525442D29578B0010C603 /* SampleCombineCounter */;
			targetProxy = F80525562D29578D0010C603 /* PBXContainerItemProxy */;
		};
		F80525612D29578D0010C603 /* PBXTargetDependency */ = {
			isa = PBXTargetDependency;
			target = F80525442D29578B0010C603 /* SampleCombineCounter */;
			targetProxy = F80525602D29578D0010C603 /* PBXContainerItemProxy */;
		};
/* End PBXTargetDependency section */

/* Begin XCBuildConfiguration section */
		F80525672D29578D0010C603 /* Debug */ = {
			isa = XCBuildConfiguration;
			buildSettings = {
				ALWAYS_SEARCH_USER_PATHS = NO;
				ASSETCATALOG_COMPILER_GENERATE_SWIFT_ASSET_SYMBOL_EXTENSIONS = YES;
				CLANG_ANALYZER_NONNULL = YES;
				CLANG_ANALYZER_NUMBER_OBJECT_CONVERSION = YES_AGGRESSIVE;
				CLANG_CXX_LANGUAGE_STANDARD = "gnu++20";
				CLANG_ENABLE_MODULES = YES;
				CLANG_ENABLE_OBJC_ARC = YES;
				CLANG_ENABLE_OBJC_WEAK = YES;
				CLANG_WARN_BLOCK_CAPTURE_AUTORELEASING = YES;
				CLANG_WARN_BOOL_CONVERSION = YES;
				CLANG_WARN_COMMA = YES;
				CLANG_WARN_CONSTANT_CONVERSION = YES;
				CLANG_WARN_DEPRECATED_OBJC_IMPLEMENTATIONS = YES;
				CLANG_WARN_DIRECT_OBJC_ISA_USAGE = YES_ERROR;
				CLANG_WARN_DOCUMENTATION_COMMENTS = YES;
				CLANG_WARN_EMPTY_BODY = YES;
				CLANG_WARN_ENUM_CONVERSION = YES;
				CLANG_WARN_INFINITE_RECURSION = YES;
				CLANG_WARN_INT_CONVERSION = YES;
				CLANG_WARN_NON_LITERAL_NULL_CONVERSION = YES;
				CLANG_WARN_OBJC_IMPLICIT_RETAIN_SELF = YES;
				CLANG_WARN_OBJC_LITERAL_CONVERSION = YES;
				CLANG_WARN_OBJC_ROOT_CLASS = YES_ERROR;
				CLANG_WARN_QUOTED_INCLUDE_IN_FRAMEWORK_HEADER = YES;
				CLANG_WARN_RANGE_LOOP_ANALYSIS = YES;
				CLANG_WARN_STRICT_PROTOTYPES = YES;
				CLANG_WARN_SUSPICIOUS_MOVE = YES;
				CLANG_WARN_UNGUARDED_AVAILABILITY = YES_AGGRESSIVE;
				CLANG_WARN_UNREACHABLE_CODE = YES;
				CLANG_WARN__DUPLICATE_METHOD_MATCH = YES;
				COPY_PHASE_STRIP = NO;
				DEBUG_INFORMATION_FORMAT = dwarf;
				ENABLE_STRICT_OBJC_MSGSEND = YES;
				ENABLE_TESTABILITY = YES;
				ENABLE_USER_SCRIPT_SANDBOXING = YES;
				GCC_C_LANGUAGE_STANDARD = gnu17;
				GCC_DYNAMIC_NO_PIC = NO;
				GCC_NO_COMMON_BLOCKS = YES;
				GCC_OPTIMIZATION_LEVEL = 0;
				GCC_PREPROCESSOR_DEFINITIONS = (
					"DEBUG=1",
					"$(inherited)",
				);
				GCC_WARN_64_TO_32_BIT_CONVERSION = YES;
				GCC_WARN_ABOUT_RETURN_TYPE = YES_ERROR;
				GCC_WARN_UNDECLARED_SELECTOR = YES;
				GCC_WARN_UNINITIALIZED_AUTOS = YES_AGGRESSIVE;
				GCC_WARN_UNUSED_FUNCTION = YES;
				GCC_WARN_UNUSED_VARIABLE = YES;
				IPHONEOS_DEPLOYMENT_TARGET = 17.0;
				LOCALIZATION_PREFERS_STRING_CATALOGS = YES;
				MTL_ENABLE_DEBUG_INFO = INCLUDE_SOURCE;
				MTL_FAST_MATH = YES;
				ONLY_ACTIVE_ARCH = YES;
				SDKROOT = iphoneos;
				SWIFT_ACTIVE_COMPILATION_CONDITIONS = "DEBUG $(inherited)";
				SWIFT_OPTIMIZATION_LEVEL = "-Onone";
			};
			name = Debug;
		};
		F80525682D29578D0010C603 /* Release */ = {
			isa = XCBuildConfiguration;
			buildSettings = {
				ALWAYS_SEARCH_USER_PATHS = NO;
				ASSETCATALOG_COMPILER_GENERATE_SWIFT_ASSET_SYMBOL_EXTENSIONS = YES;
				CLANG_ANALYZER_NONNULL = YES;
				CLANG_ANALYZER_NUMBER_OBJECT_CONVERSION = YES_AGGRESSIVE;
				CLANG_CXX_LANGUAGE_STANDARD = "gnu++20";
				CLANG_ENABLE_MODULES = YES;
				CLANG_ENABLE_OBJC_ARC = YES;
				CLANG_ENABLE_OBJC_WEAK = YES;
				CLANG_WARN_BLOCK_CAPTURE_AUTORELEASING = YES;
				CLANG_WARN_BOOL_CONVERSION = YES;
				CLANG_WARN_COMMA = YES;
				CLANG_WARN_CONSTANT_CONVERSION = YES;
				CLANG_WARN_DEPRECATED_OBJC_IMPLEMENTATIONS = YES;
				CLANG_WARN_DIRECT_OBJC_ISA_USAGE = YES_ERROR;
				CLANG_WARN_DOCUMENTATION_COMMENTS = YES;
				CLANG_WARN_EMPTY_BODY = YES;
				CLANG_WARN_ENUM_CONVERSION = YES;
				CLANG_WARN_INFINITE_RECURSION = YES;
				CLANG_WARN_INT_CONVERSION = YES;
				CLANG_WARN_NON_LITERAL_NULL_CONVERSION = YES;
				CLANG_WARN_OBJC_IMPLICIT_RETAIN_SELF = YES;
				CLANG_WARN_OBJC_LITERAL_CONVERSION = YES;
				CLANG_WARN_OBJC_ROOT_CLASS = YES_ERROR;
				CLANG_WARN_QUOTED_INCLUDE_IN_FRAMEWORK_HEADER = YES;
				CLANG_WARN_RANGE_LOOP_ANALYSIS = YES;
				CLANG_WARN_STRICT_PROTOTYPES = YES;
				CLANG_WARN_SUSPICIOUS_MOVE = YES;
				CLANG_WARN_UNGUARDED_AVAILABILITY = YES_AGGRESSIVE;
				CLANG_WARN_UNREACHABLE_CODE = YES;
				CLANG_WARN__DUPLICATE_METHOD_MATCH = YES;
				COPY_PHASE_STRIP = NO;
				DEBUG_INFORMATION_FORMAT = "dwarf-with-dsym";
				ENABLE_NS_ASSERTIONS = NO;
				ENABLE_STRICT_OBJC_MSGSEND = YES;
				ENABLE_USER_SCRIPT_SANDBOXING = YES;
				GCC_C_LANGUAGE_STANDARD = gnu17;
				GCC_NO_COMMON_BLOCKS = YES;
				GCC_WARN_64_TO_32_BIT_CONVERSION = YES;
				GCC_WARN_ABOUT_RETURN_TYPE = YES_ERROR;
				GCC_WARN_UNDECLARED_SELECTOR = YES;
				GCC_WARN_UNINITIALIZED_AUTOS = YES_AGGRESSIVE;
				GCC_WARN_UNUSED_FUNCTION = YES;
				GCC_WARN_UNUSED_VARIABLE = YES;
				IPHONEOS_DEPLOYMENT_TARGET = 17.0;
				LOCALIZATION_PREFERS_STRING_CATALOGS = YES;
				MTL_ENABLE_DEBUG_INFO = NO;
				MTL_FAST_MATH = YES;
				SDKROOT = iphoneos;
				SWIFT_COMPILATION_MODE = wholemodule;
				VALIDATE_PRODUCT = YES;
			};
			name = Release;
		};
		F805256A2D29578D0010C603 /* Debug */ = {
			isa = XCBuildConfiguration;
			buildSettings = {
				ASSETCATALOG_COMPILER_APPICON_NAME = AppIcon;
				ASSETCATALOG_COMPILER_GLOBAL_ACCENT_COLOR_NAME = AccentColor;
				CODE_SIGN_STYLE = Automatic;
				CURRENT_PROJECT_VERSION = 1;
				DEVELOPMENT_ASSET_PATHS = "\"SampleCombineCounter/Preview Content\"";
				DEVELOPMENT_TEAM = 2KUAP497LD;
				ENABLE_PREVIEWS = YES;
				GENERATE_INFOPLIST_FILE = YES;
				INFOPLIST_KEY_UIApplicationSceneManifest_Generation = YES;
				INFOPLIST_KEY_UIApplicationSupportsIndirectInputEvents = YES;
				INFOPLIST_KEY_UILaunchScreen_Generation = YES;
				INFOPLIST_KEY_UISupportedInterfaceOrientations_iPad = "UIInterfaceOrientationPortrait UIInterfaceOrientationPortraitUpsideDown UIInterfaceOrientationLandscapeLeft UIInterfaceOrientationLandscapeRight";
				INFOPLIST_KEY_UISupportedInterfaceOrientations_iPhone = "UIInterfaceOrientationPortrait UIInterfaceOrientationLandscapeLeft UIInterfaceOrientationLandscapeRight";
				LD_RUNPATH_SEARCH_PATHS = (
					"$(inherited)",
					"@executable_path/Frameworks",
				);
				MARKETING_VERSION = 1.0;
				PRODUCT_BUNDLE_IDENTIFIER = io.github.antwhale.SampleCombineCounter;
				PRODUCT_NAME = "$(TARGET_NAME)";
				SWIFT_EMIT_LOC_STRINGS = YES;
				SWIFT_VERSION = 5.0;
				TARGETED_DEVICE_FAMILY = "1,2";
			};
			name = Debug;
		};
		F805256B2D29578D0010C603 /* Release */ = {
			isa = XCBuildConfiguration;
			buildSettings = {
				ASSETCATALOG_COMPILER_APPICON_NAME = AppIcon;
				ASSETCATALOG_COMPILER_GLOBAL_ACCENT_COLOR_NAME = AccentColor;
				CODE_SIGN_STYLE = Automatic;
				CURRENT_PROJECT_VERSION = 1;
				DEVELOPMENT_ASSET_PATHS = "\"SampleCombineCounter/Preview Content\"";
				DEVELOPMENT_TEAM = 2KUAP497LD;
				ENABLE_PREVIEWS = YES;
				GENERATE_INFOPLIST_FILE = YES;
				INFOPLIST_KEY_UIApplicationSceneManifest_Generation = YES;
				INFOPLIST_KEY_UIApplicationSupportsIndirectInputEvents = YES;
				INFOPLIST_KEY_UILaunchScreen_Generation = YES;
				INFOPLIST_KEY_UISupportedInterfaceOrientations_iPad = "UIInterfaceOrientationPortrait UIInterfaceOrientationPortraitUpsideDown UIInterfaceOrientationLandscapeLeft UIInterfaceOrientationLandscapeRight";
				INFOPLIST_KEY_UISupportedInterfaceOrientations_iPhone = "UIInterfaceOrientationPortrait UIInterfaceOrientationLandscapeLeft UIInterfaceOrientationLandscapeRight";
				LD_RUNPATH_SEARCH_PATHS = (
					"$(inherited)",
					"@executable_path/Frameworks",
				);
				MARKETING_VERSION = 1.0;
				PRODUCT_BUNDLE_IDENTIFIER = io.github.antwhale.SampleCombineCounter;
				PRODUCT_NAME = "$(TARGET_NAME)";
				SWIFT_EMIT_LOC_STRINGS = YES;
				SWIFT_VERSION = 5.0;
				TARGETED_DEVICE_FAMILY = "1,2";
			};
			name = Release;
		};
		F805256D2D29578D0010C603 /* Debug */ = {
			isa = XCBuildConfiguration;
			buildSettings = {
				ALWAYS_EMBED_SWIFT_STANDARD_LIBRARIES = YES;
				BUNDLE_LOADER = "$(TEST_HOST)";
				CODE_SIGN_STYLE = Automatic;
				CURRENT_PROJECT_VERSION = 1;
				DEVELOPMENT_TEAM = 2KUAP497LD;
				GENERATE_INFOPLIST_FILE = YES;
				IPHONEOS_DEPLOYMENT_TARGET = 17.0;
				MARKETING_VERSION = 1.0;
				PRODUCT_BUNDLE_IDENTIFIER = io.github.antwhale.SampleCombineCounterTests;
				PRODUCT_NAME = "$(TARGET_NAME)";
				SWIFT_EMIT_LOC_STRINGS = NO;
				SWIFT_VERSION = 5.0;
				TARGETED_DEVICE_FAMILY = "1,2";
				TEST_HOST = "$(BUILT_PRODUCTS_DIR)/SampleCombineCounter.app/$(BUNDLE_EXECUTABLE_FOLDER_PATH)/SampleCombineCounter";
			};
			name = Debug;
		};
		F805256E2D29578D0010C603 /* Release */ = {
			isa = XCBuildConfiguration;
			buildSettings = {
				ALWAYS_EMBED_SWIFT_STANDARD_LIBRARIES = YES;
				BUNDLE_LOADER = "$(TEST_HOST)";
				CODE_SIGN_STYLE = Automatic;
				CURRENT_PROJECT_VERSION = 1;
				DEVELOPMENT_TEAM = 2KUAP497LD;
				GENERATE_INFOPLIST_FILE = YES;
				IPHONEOS_DEPLOYMENT_TARGET = 17.0;
				MARKETING_VERSION = 1.0;
				PRODUCT_BUNDLE_IDENTIFIER = io.github.antwhale.SampleCombineCounterTests;
				PRODUCT_NAME = "$(TARGET_NAME)";
				SWIFT_EMIT_LOC_STRINGS = NO;
				SWIFT_VERSION = 5.0;
				TARGETED_DEVICE_FAMILY = "1,2";
				TEST_HOST = "$(BUILT_PRODUCTS_DIR)/SampleCombineCounter.app/$(BUNDLE_EXECUTABLE_FOLDER_PATH)/SampleCombineCounter";
			};
			name = Release;
		};
		F80525702D29578D0010C603 /* Debug */ = {
			isa = XCBuildConfiguration;
			buildSettings = {
				ALWAYS_EMBED_SWIFT_STANDARD_LIBRARIES = YES;
				CODE_SIGN_STYLE = Automatic;
				CURRENT_PROJECT_VERSION = 1;
				DEVELOPMENT_TEAM = 2KUAP497LD;
				GENERATE_INFOPLIST_FILE = YES;
				MARKETING_VERSION = 1.0;
				PRODUCT_BUNDLE_IDENTIFIER = io.github.antwhale.SampleCombineCounterUITests;
				PRODUCT_NAME = "$(TARGET_NAME)";
				SWIFT_EMIT_LOC_STRINGS = NO;
				SWIFT_VERSION = 5.0;
				TARGETED_DEVICE_FAMILY = "1,2";
				TEST_TARGET_NAME = SampleCombineCounter;
			};
			name = Debug;
		};
		F80525712D29578D0010C603 /* Release */ = {
			isa = XCBuildConfiguration;
			buildSettings = {
				ALWAYS_EMBED_SWIFT_STANDARD_LIBRARIES = YES;
				CODE_SIGN_STYLE = Automatic;
				CURRENT_PROJECT_VERSION = 1;
				DEVELOPMENT_TEAM = 2KUAP497LD;
				GENERATE_INFOPLIST_FILE = YES;
				MARKETING_VERSION = 1.0;
				PRODUCT_BUNDLE_IDENTIFIER = io.github.antwhale.SampleCombineCounterUITests;
				PRODUCT_NAME = "$(TARGET_NAME)";
				SWIFT_EMIT_LOC_STRINGS = NO;
				SWIFT_VERSION = 5.0;
				TARGETED_DEVICE_FAMILY = "1,2";
				TEST_TARGET_NAME = SampleCombineCounter;
			};
			name = Release;
		};
/* End XCBuildConfiguration section */

/* Begin XCConfigurationList section */
		F80525402D29578B0010C603 /* Build configuration list for PBXProject "SampleCombineCounter" */ = {
			isa = XCConfigurationList;
			buildConfigurations = (
				F80525672D29578D0010C603 /* Debug */,
				F80525682D29578D0010C603 /* Release */,
			);
			defaultConfigurationIsVisible = 0;
			defaultConfigurationName = Release;
		};
		F80525692D29578D0010C603 /* Build configuration list for PBXNativeTarget "SampleCombineCounter" */ = {
			isa = XCConfigurationList;
			buildConfigurations = (
				F805256A2D29578D0010C603 /* Debug */,
				F805256B2D29578D0010C603 /* Release */,
			);
			defaultConfigurationIsVisible = 0;
			defaultConfigurationName = Release;
		};
		F805256C2D29578D0010C603 /* Build configuration list for PBXNativeTarget "SampleCombineCounterTests" */ = {
			isa = XCConfigurationList;
			buildConfigurations = (
				F805256D2D29578D0010C603 /* Debug */,
				F805256E2D29578D0010C603 /* Release */,
			);
			defaultConfigurationIsVisible = 0;
			defaultConfigurationName = Release;
		};
		F805256F2D29578D0010C603 /* Build configuration list for PBXNativeTarget "SampleCombineCounterUITests" */ = {
			isa = XCConfigurationList;
			buildConfigurations = (
				F80525702D29578D0010C603 /* Debug */,
				F80525712D29578D0010C603 /* Release */,
			);
			defaultConfigurationIsVisible = 0;
			defaultConfigurationName = Release;
		};
/* End XCConfigurationList section */
	};
	rootObject = F805253D2D29578B0010C603 /* Project object */;
}
